{
  "originHash" : "702d8e7b18adc80c84aa168885ba00fbb7440c6e9f59acbbf93da8a625ebf380",
  "pins" : [
    {
      "identity" : "swift-argument-parser",
      "kind" : "remoteSourceControl",
      "location" : "https://github.com/apple/swift-argument-parser",
      "state" : {
        "revision" : "309a47b2b1d9b5e991f36961c983ecec72275be3",
        "version" : "1.6.1"
      }
    },
    {
      "identity" : "swift-subprocess",
      "kind" : "remoteSourceControl",
      "location" : "https://github.com/swiftlang/swift-subprocess",
      "state" : {
        "branch" : "main",
        "revision" : "f0ba4f43931c4e0f6d15078421dee7cb1415ce5d"
      }
    },
    {
      "identity" : "swift-system",
      "kind" : "remoteSourceControl",
      "location" : "https://github.com/apple/swift-system",
      "state" : {
        "revision" : "61e4ca4b81b9e09e2ec863b00c340eb13497dac6",
        "version" : "1.5.0"
      }
    },
    {
      "identity" : "swiftterm",
      "kind" : "remoteSourceControl",
      "location" : "https://github.com/neon443/SwiftTerm",
      "state" : {
        "branch" : "jelly",
        "revision" : "a3eda5e08f019ce2b6f21b03e1e1e71e75ee0591"
      }
    }
  ],
  "version" : 3
}
